
Microsoft Visual Studio Solution File, Format Version 12.00
# Visual Studio 15
VisualStudioVersion = 15.0.26730.8
MinimumVisualStudioVersion = 10.0.40219.1
Project("{FAE04EC0-301F-11D3-BF4B-00C04F79EFBC}") = "opgave", "opgave\opgave.csproj", "{F6A05482-4FAA-4E4E-961E-A80005E94EDA}"
EndProject
Global
	GlobalSection(SolutionConfigurationPlatforms) = preSolution
		Debug|Any CPU = Debug|Any CPU
		Release|Any CPU = Release|Any CPU
	EndGlobalSection
	GlobalSection(ProjectConfigurationPlatforms) = postSolution
		{F6A05482-4FAA-4E4E-961E-A80005E94EDA}.Debug|Any CPU.ActiveCfg = Debug|Any CPU
		{F6A05482-4FAA-4E4E-961E-A80005E94EDA}.Debug|Any CPU.Build.0 = Debug|Any CPU
		{F6A05482-4FAA-4E4E-961E-A80005E94EDA}.Release|Any CPU.ActiveCfg = Release|Any CPU
		{F6A05482-4FAA-4E4E-961E-A80005E94EDA}.Release|Any CPU.Build.0 = Release|Any CPU
	EndGlobalSection
	GlobalSection(SolutionProperties) = preSolution
		HideSolutionNode = FALSE
	EndGlobalSection
	GlobalSection(ExtensibilityGlobals) = postSolution
		SolutionGuid = {EE8BDACC-9193-420A-82F7-09E212958A63}
	EndGlobalSection
EndGlobal
