
Microsoft Visual Studio Solution File, Format Version 12.00
# Visual Studio 15
VisualStudioVersion = 15.0.26730.8
MinimumVisualStudioVersion = 10.0.40219.1
Project("{FAE04EC0-301F-11D3-BF4B-00C04F79EFBC}") = "WebApplication4", "WebApplication4\WebApplication4.csproj", "{ADAD6FCA-06DE-43E4-BA03-890885428A6A}"
EndProject
Global
	GlobalSection(SolutionConfigurationPlatforms) = preSolution
		Debug|Any CPU = Debug|Any CPU
		Release|Any CPU = Release|Any CPU
	EndGlobalSection
	GlobalSection(ProjectConfigurationPlatforms) = postSolution
		{ADAD6FCA-06DE-43E4-BA03-890885428A6A}.Debug|Any CPU.ActiveCfg = Debug|Any CPU
		{ADAD6FCA-06DE-43E4-BA03-890885428A6A}.Debug|Any CPU.Build.0 = Debug|Any CPU
		{ADAD6FCA-06DE-43E4-BA03-890885428A6A}.Release|Any CPU.ActiveCfg = Release|Any CPU
		{ADAD6FCA-06DE-43E4-BA03-890885428A6A}.Release|Any CPU.Build.0 = Release|Any CPU
	EndGlobalSection
	GlobalSection(SolutionProperties) = preSolution
		HideSolutionNode = FALSE
	EndGlobalSection
	GlobalSection(ExtensibilityGlobals) = postSolution
		SolutionGuid = {08381358-9CE1-4690-95A4-256F6AA801BD}
	EndGlobalSection
EndGlobal
