
Microsoft Visual Studio Solution File, Format Version 12.00
# Visual Studio 15
VisualStudioVersion = 15.0.26730.12
MinimumVisualStudioVersion = 10.0.40219.1
Project("{FAE04EC0-301F-11D3-BF4B-00C04F79EFBC}") = "WebApplication5", "WebApplication5\WebApplication5.csproj", "{42C880B0-02DF-4C0E-A872-E0E2061B8FFD}"
EndProject
Global
	GlobalSection(SolutionConfigurationPlatforms) = preSolution
		Debug|Any CPU = Debug|Any CPU
		Release|Any CPU = Release|Any CPU
	EndGlobalSection
	GlobalSection(ProjectConfigurationPlatforms) = postSolution
		{42C880B0-02DF-4C0E-A872-E0E2061B8FFD}.Debug|Any CPU.ActiveCfg = Debug|Any CPU
		{42C880B0-02DF-4C0E-A872-E0E2061B8FFD}.Debug|Any CPU.Build.0 = Debug|Any CPU
		{42C880B0-02DF-4C0E-A872-E0E2061B8FFD}.Release|Any CPU.ActiveCfg = Release|Any CPU
		{42C880B0-02DF-4C0E-A872-E0E2061B8FFD}.Release|Any CPU.Build.0 = Release|Any CPU
	EndGlobalSection
	GlobalSection(SolutionProperties) = preSolution
		HideSolutionNode = FALSE
	EndGlobalSection
	GlobalSection(ExtensibilityGlobals) = postSolution
		SolutionGuid = {E80F4B7C-5FCE-4F2D-889C-64E83B46FAD2}
	EndGlobalSection
EndGlobal
